# THIS IS AN AUTOGENERATED FILE. DO NOT EDIT THIS FILE DIRECTLY.
# yarn lockfile v1


dayjs@^1.8.20:
  version "1.8.20"
  resolved "https://registry.yarnpkg.com/dayjs/-/dayjs-1.8.20.tgz#724a5cb6ad1f6fc066b0bd9a800dedcc7886f19e"
  integrity sha512-mH0MCDxw6UCGJYxVN78h8ugWycZAO8thkj3bW6vApL5tS0hQplIDdAQcmbvl7n35H0AKdCJQaArTrIQw2xt4Qg==
